
Microsoft Visual Studio Solution File, Format Version 12.00
# Visual Studio Version 17
VisualStudioVersion = 17.14.36511.14 d17.14
MinimumVisualStudioVersion = 10.0.40219.1
Project("{FAE04EC0-301F-11D3-BF4B-00C04F79EFBC}") = "MovieList", "Movie list\MovieList.csproj", "{D0C04AE3-76DF-42A8-BB01-93147E20B853}"
EndProject
Global
	GlobalSection(SolutionConfigurationPlatforms) = preSolution
		Debug|Any CPU = Debug|Any CPU
		Release|Any CPU = Release|Any CPU
	EndGlobalSection
	GlobalSection(ProjectConfigurationPlatforms) = postSolution
		{D0C04AE3-76DF-42A8-BB01-93147E20B853}.Debug|Any CPU.ActiveCfg = Debug|Any CPU
		{D0C04AE3-76DF-42A8-BB01-93147E20B853}.Debug|Any CPU.Build.0 = Debug|Any CPU
		{D0C04AE3-76DF-42A8-BB01-93147E20B853}.Release|Any CPU.ActiveCfg = Release|Any CPU
		{D0C04AE3-76DF-42A8-BB01-93147E20B853}.Release|Any CPU.Build.0 = Release|Any CPU
	EndGlobalSection
	GlobalSection(SolutionProperties) = preSolution
		HideSolutionNode = FALSE
	EndGlobalSection
	GlobalSection(ExtensibilityGlobals) = postSolution
		SolutionGuid = {C9CC9561-0B03-4E5F-8957-7EC97558C3CF}
	EndGlobalSection
EndGlobal
